
Microsoft Visual Studio Solution File, Format Version 12.00
# Visual Studio Version 17
VisualStudioVersion = 17.9.34728.123
MinimumVisualStudioVersion = 10.0.40219.1
Project("{FAE04EC0-301F-11D3-BF4B-00C04F79EFBC}") = "ConsoleBattles", "ConsoleBattles.csproj", "{AC047CBA-682B-4B6A-8579-1C9589F3BDEE}"
EndProject
Global
	GlobalSection(SolutionConfigurationPlatforms) = preSolution
		Debug|Any CPU = Debug|Any CPU
		Release|Any CPU = Release|Any CPU
	EndGlobalSection
	GlobalSection(ProjectConfigurationPlatforms) = postSolution
		{AC047CBA-682B-4B6A-8579-1C9589F3BDEE}.Debug|Any CPU.ActiveCfg = Debug|Any CPU
		{AC047CBA-682B-4B6A-8579-1C9589F3BDEE}.Debug|Any CPU.Build.0 = Debug|Any CPU
		{AC047CBA-682B-4B6A-8579-1C9589F3BDEE}.Release|Any CPU.ActiveCfg = Release|Any CPU
		{AC047CBA-682B-4B6A-8579-1C9589F3BDEE}.Release|Any CPU.Build.0 = Release|Any CPU
	EndGlobalSection
	GlobalSection(SolutionProperties) = preSolution
		HideSolutionNode = FALSE
	EndGlobalSection
	GlobalSection(ExtensibilityGlobals) = postSolution
		SolutionGuid = {8229AAED-3F8E-4405-87D6-D07B9F843601}
	EndGlobalSection
EndGlobal
